// !$*UTF8*$!
{
	archiveVersion = 1;
	classes = {
	};
	objectVersion = 50;
	objects = {

/* Begin PBXBuildFile section */
		78049572248289030013D241 /* AppDelegate.swift in Sources */ = {isa = PBXBuildFile; fileRef = 78049571248289030013D241 /* AppDelegate.swift */; };
		78049574248289030013D241 /* SceneDelegate.swift in Sources */ = {isa = PBXBuildFile; fileRef = 78049573248289030013D241 /* SceneDelegate.swift */; };
		78049576248289030013D241 /* ViewController.swift in Sources */ = {isa = PBXBuildFile; fileRef = 78049575248289030013D241 /* ViewController.swift */; };
		78049579248289030013D241 /* Main.storyboard in Resources */ = {isa = PBXBuildFile; fileRef = 78049577248289030013D241 /* Main.storyboard */; };
		7804957B248289040013D241 /* Assets.xcassets in Resources */ = {isa = PBXBuildFile; fileRef = 7804957A248289040013D241 /* Assets.xcassets */; };
		7804957E248289040013D241 /* LaunchScreen.storyboard in Resources */ = {isa = PBXBuildFile; fileRef = 7804957C248289040013D241 /* LaunchScreen.storyboard */; };
		7823A9EF2486770100DBFA3C /* dingwrong.wav in Resources */ = {isa = PBXBuildFile; fileRef = 7823A9EB2486770100DBFA3C /* dingwrong.wav */; };
		7823A9F02486770100DBFA3C /* dingcorrect.wav in Resources */ = {isa = PBXBuildFile; fileRef = 7823A9EC2486770100DBFA3C /* dingcorrect.wav */; };
		7823A9F12486770100DBFA3C /* shuffle.wav in Resources */ = {isa = PBXBuildFile; fileRef = 7823A9ED2486770100DBFA3C /* shuffle.wav */; };
		7823A9F22486770100DBFA3C /* cardflip.wav in Resources */ = {isa = PBXBuildFile; fileRef = 7823A9EE2486770100DBFA3C /* cardflip.wav */; };
		7823A9F42486782100DBFA3C /* SoundManager.swift in Sources */ = {isa = PBXBuildFile; fileRef = 7823A9F32486782100DBFA3C /* SoundManager.swift */; };
		7877177D2482DB4500458B7F /* CardModel.swift in Sources */ = {isa = PBXBuildFile; fileRef = 7877177C2482DB4500458B7F /* CardModel.swift */; };
		7877177F2482DD7E00458B7F /* Card.swift in Sources */ = {isa = PBXBuildFile; fileRef = 7877177E2482DD7D00458B7F /* Card.swift */; };
		787717812482E47200458B7F /* CardCellectionViewCell.swift in Sources */ = {isa = PBXBuildFile; fileRef = 787717802482E47200458B7F /* CardCellectionViewCell.swift */; };
/* End PBXBuildFile section */

/* Begin PBXFileReference section */
		7804956E248289030013D241 /* MatchApp.app */ = {isa = PBXFileReference; explicitFileType = wrapper.application; includeInIndex = 0; path = MatchApp.app; sourceTree = BUILT_PRODUCTS_DIR; };
		78049571248289030013D241 /* AppDelegate.swift */ = {isa = PBXFileReference; lastKnownFileType = sourcecode.swift; path = AppDelegate.swift; sourceTree = "<group>"; };
		78049573248289030013D241 /* SceneDelegate.swift */ = {isa = PBXFileReference; lastKnownFileType = sourcecode.swift; path = SceneDelegate.swift; sourceTree = "<group>"; };
		78049575248289030013D241 /* ViewController.swift */ = {isa = PBXFileReference; lastKnownFileType = sourcecode.swift; path = ViewController.swift; sourceTree = "<group>"; };
		78049578248289030013D241 /* Base */ = {isa = PBXFileReference; lastKnownFileType = file.storyboard; name = Base; path = Base.lproj/Main.storyboard; sourceTree = "<group>"; };
		7804957A248289040013D241 /* Assets.xcassets */ = {isa = PBXFileReference; lastKnownFileType = folder.assetcatalog; path = Assets.xcassets; sourceTree = "<group>"; };
		7804957D248289040013D241 /* Base */ = {isa = PBXFileReference; lastKnownFileType = file.storyboard; name = Base; path = Base.lproj/LaunchScreen.storyboard; sourceTree = "<group>"; };
		7804957F248289040013D241 /* Info.plist */ = {isa = PBXFileReference; lastKnownFileType = text.plist.xml; path = Info.plist; sourceTree = "<group>"; };
		7823A9EB2486770100DBFA3C /* dingwrong.wav */ = {isa = PBXFileReference; lastKnownFileType = audio.wav; path = dingwrong.wav; sourceTree = "<group>"; };
		7823A9EC2486770100DBFA3C /* dingcorrect.wav */ = {isa = PBXFileReference; lastKnownFileType = audio.wav; path = dingcorrect.wav; sourceTree = "<group>"; };
		7823A9ED2486770100DBFA3C /* shuffle.wav */ = {isa = PBXFileReference; lastKnownFileType = audio.wav; path = shuffle.wav; sourceTree = "<group>"; };
		7823A9EE2486770100DBFA3C /* cardflip.wav */ = {isa = PBXFileReference; lastKnownFileType = audio.wav; path = cardflip.wav; sourceTree = "<group>"; };
		7823A9F32486782100DBFA3C /* SoundManager.swift */ = {isa = PBXFileReference; lastKnownFileType = sourcecode.swift; path = SoundManager.swift; sourceTree = "<group>"; };
		7877177C2482DB4500458B7F /* CardModel.swift */ = {isa = PBXFileReference; lastKnownFileType = sourcecode.swift; path = CardModel.swift; sourceTree = "<group>"; };
		7877177E2482DD7D00458B7F /* Card.swift */ = {isa = PBXFileReference; lastKnownFileType = sourcecode.swift; path = Card.swift; sourceTree = "<group>"; };
		787717802482E47200458B7F /* CardCellectionViewCell.swift */ = {isa = PBXFileReference; lastKnownFileType = sourcecode.swift; path = CardCellectionViewCell.swift; sourceTree = "<group>"; };
/* End PBXFileReference section */

/* Begin PBXFrameworksBuildPhase section */
		7804956B248289030013D241 /* Frameworks */ = {
			isa = PBXFrameworksBuildPhase;
			buildActionMask = 2147483647;
			files = (
			);
			runOnlyForDeploymentPostprocessing = 0;
		};
/* End PBXFrameworksBuildPhase section */

/* Begin PBXGroup section */
		78049565248289030013D241 = {
			isa = PBXGroup;
			children = (
				78049570248289030013D241 /* MatchApp */,
				7804956F248289030013D241 /* Products */,
			);
			sourceTree = "<group>";
		};
		7804956F248289030013D241 /* Products */ = {
			isa = PBXGroup;
			children = (
				7804956E248289030013D241 /* MatchApp.app */,
			);
			name = Products;
			sourceTree = "<group>";
		};
		78049570248289030013D241 /* MatchApp */ = {
			isa = PBXGroup;
			children = (
				7823A9EA2486768700DBFA3C /* Sounds */,
				78049571248289030013D241 /* AppDelegate.swift */,
				78049573248289030013D241 /* SceneDelegate.swift */,
				78049575248289030013D241 /* ViewController.swift */,
				7877177E2482DD7D00458B7F /* Card.swift */,
				7877177C2482DB4500458B7F /* CardModel.swift */,
				787717802482E47200458B7F /* CardCellectionViewCell.swift */,
				7823A9F32486782100DBFA3C /* SoundManager.swift */,
				78049577248289030013D241 /* Main.storyboard */,
				7804957A248289040013D241 /* Assets.xcassets */,
				7804957C248289040013D241 /* LaunchScreen.storyboard */,
				7804957F248289040013D241 /* Info.plist */,
			);
			path = MatchApp;
			sourceTree = "<group>";
		};
		7823A9EA2486768700DBFA3C /* Sounds */ = {
			isa = PBXGroup;
			children = (
				7823A9EE2486770100DBFA3C /* cardflip.wav */,
				7823A9EC2486770100DBFA3C /* dingcorrect.wav */,
				7823A9EB2486770100DBFA3C /* dingwrong.wav */,
				7823A9ED2486770100DBFA3C /* shuffle.wav */,
			);
			path = Sounds;
			sourceTree = "<group>";
		};
/* End PBXGroup section */

/* Begin PBXNativeTarget section */
		7804956D248289030013D241 /* MatchApp */ = {
			isa = PBXNativeTarget;
			buildConfigurationList = 78049582248289040013D241 /* Build configuration list for PBXNativeTarget "MatchApp" */;
			buildPhases = (
				7804956A248289030013D241 /* Sources */,
				7804956B248289030013D241 /* Frameworks */,
				7804956C248289030013D241 /* Resources */,
			);
			buildRules = (
			);
			dependencies = (
			);
			name = MatchApp;
			productName = MatchApp;
			productReference = 7804956E248289030013D241 /* MatchApp.app */;
			productType = "com.apple.product-type.application";
		};
/* End PBXNativeTarget section */

/* Begin PBXProject section */
		78049566248289030013D241 /* Project object */ = {
			isa = PBXProject;
			attributes = {
				LastSwiftUpdateCheck = 1150;
				LastUpgradeCheck = 1150;
				ORGANIZATIONNAME = "Nikhil Mankani";
				TargetAttributes = {
					7804956D248289030013D241 = {
						CreatedOnToolsVersion = 11.5;
					};
				};
			};
			buildConfigurationList = 78049569248289030013D241 /* Build configuration list for PBXProject "MatchApp" */;
			compatibilityVersion = "Xcode 9.3";
			developmentRegion = en;
			hasScannedForEncodings = 0;
			knownRegions = (
				en,
				Base,
			);
			mainGroup = 78049565248289030013D241;
			productRefGroup = 7804956F248289030013D241 /* Products */;
			projectDirPath = "";
			projectRoot = "";
			targets = (
				7804956D248289030013D241 /* MatchApp */,
			);
		};
/* End PBXProject section */

/* Begin PBXResourcesBuildPhase section */
		7804956C248289030013D241 /* Resources */ = {
			isa = PBXResourcesBuildPhase;
			buildActionMask = 2147483647;
			files = (
				7823A9F12486770100DBFA3C /* shuffle.wav in Resources */,
				7823A9EF2486770100DBFA3C /* dingwrong.wav in Resources */,
				7823A9F02486770100DBFA3C /* dingcorrect.wav in Resources */,
				7823A9F22486770100DBFA3C /* cardflip.wav in Resources */,
				7804957E248289040013D241 /* LaunchScreen.storyboard in Resources */,
				7804957B248289040013D241 /* Assets.xcassets in Resources */,
				78049579248289030013D241 /* Main.storyboard in Resources */,
			);
			runOnlyForDeploymentPostprocessing = 0;
		};
/* End PBXResourcesBuildPhase section */

/* Begin PBXSourcesBuildPhase section */
		7804956A248289030013D241 /* Sources */ = {
			isa = PBXSourcesBuildPhase;
			buildActionMask = 2147483647;
			files = (
				78049576248289030013D241 /* ViewController.swift in Sources */,
				7877177D2482DB4500458B7F /* CardModel.swift in Sources */,
				787717812482E47200458B7F /* CardCellectionViewCell.swift in Sources */,
				7877177F2482DD7E00458B7F /* Card.swift in Sources */,
				78049572248289030013D241 /* AppDelegate.swift in Sources */,
				7823A9F42486782100DBFA3C /* SoundManager.swift in Sources */,
				78049574248289030013D241 /* SceneDelegate.swift in Sources */,
			);
			runOnlyForDeploymentPostprocessing = 0;
		};
/* End PBXSourcesBuildPhase section */

/* Begin PBXVariantGroup section */
		78049577248289030013D241 /* Main.storyboard */ = {
			isa = PBXVariantGroup;
			children = (
				78049578248289030013D241 /* Base */,
			);
			name = Main.storyboard;
			sourceTree = "<group>";
		};
		7804957C248289040013D241 /* LaunchScreen.storyboard */ = {
			isa = PBXVariantGroup;
			children = (
				7804957D248289040013D241 /* Base */,
			);
			name = LaunchScreen.storyboard;
			sourceTree = "<group>";
		};
/* End PBXVariantGroup section */

/* Begin XCBuildConfiguration section */
		78049580248289040013D241 /* Debug */ = {
			isa = XCBuildConfiguration;
			buildSettings = {
				ALWAYS_SEARCH_USER_PATHS = NO;
				CLANG_ANALYZER_NONNULL = YES;
				CLANG_ANALYZER_NUMBER_OBJECT_CONVERSION = YES_AGGRESSIVE;
				CLANG_CXX_LANGUAGE_STANDARD = "gnu++14";
				CLANG_CXX_LIBRARY = "libc++";
				CLANG_ENABLE_MODULES = YES;
				CLANG_ENABLE_OBJC_ARC = YES;
				CLANG_ENABLE_OBJC_WEAK = YES;
				CLANG_WARN_BLOCK_CAPTURE_AUTORELEASING = YES;
				CLANG_WARN_BOOL_CONVERSION = YES;
				CLANG_WARN_COMMA = YES;
				CLANG_WARN_CONSTANT_CONVERSION = YES;
				CLANG_WARN_DEPRECATED_OBJC_IMPLEMENTATIONS = YES;
				CLANG_WARN_DIRECT_OBJC_ISA_USAGE = YES_ERROR;
				CLANG_WARN_DOCUMENTATION_COMMENTS = YES;
				CLANG_WARN_EMPTY_BODY = YES;
				CLANG_WARN_ENUM_CONVERSION = YES;
				CLANG_WARN_INFINITE_RECURSION = YES;
				CLANG_WARN_INT_CONVERSION = YES;
				CLANG_WARN_NON_LITERAL_NULL_CONVERSION = YES;
				CLANG_WARN_OBJC_IMPLICIT_RETAIN_SELF = YES;
				CLANG_WARN_OBJC_LITERAL_CONVERSION = YES;
				CLANG_WARN_OBJC_ROOT_CLASS = YES_ERROR;
				CLANG_WARN_RANGE_LOOP_ANALYSIS = YES;
				CLANG_WARN_STRICT_PROTOTYPES = YES;
				CLANG_WARN_SUSPICIOUS_MOVE = YES;
				CLANG_WARN_UNGUARDED_AVAILABILITY = YES_AGGRESSIVE;
				CLANG_WARN_UNREACHABLE_CODE = YES;
				CLANG_WARN__DUPLICATE_METHOD_MATCH = YES;
				COPY_PHASE_STRIP = NO;
				DEBUG_INFORMATION_FORMAT = dwarf;
				ENABLE_STRICT_OBJC_MSGSEND = YES;
				ENABLE_TESTABILITY = YES;
				GCC_C_LANGUAGE_STANDARD = gnu11;
				GCC_DYNAMIC_NO_PIC = NO;
				GCC_NO_COMMON_BLOCKS = YES;
				GCC_OPTIMIZATION_LEVEL = 0;
				GCC_PREPROCESSOR_DEFINITIONS = (
					"DEBUG=1",
					"$(inherited)",
				);
				GCC_WARN_64_TO_32_BIT_CONVERSION = YES;
				GCC_WARN_ABOUT_RETURN_TYPE = YES_ERROR;
				GCC_WARN_UNDECLARED_SELECTOR = YES;
				GCC_WARN_UNINITIALIZED_AUTOS = YES_AGGRESSIVE;
				GCC_WARN_UNUSED_FUNCTION = YES;
				GCC_WARN_UNUSED_VARIABLE = YES;
				IPHONEOS_DEPLOYMENT_TARGET = 13.5;
				MTL_ENABLE_DEBUG_INFO = INCLUDE_SOURCE;
				MTL_FAST_MATH = YES;
				ONLY_ACTIVE_ARCH = YES;
				SDKROOT = iphoneos;
				SWIFT_ACTIVE_COMPILATION_CONDITIONS = DEBUG;
				SWIFT_OPTIMIZATION_LEVEL = "-Onone";
			};
			name = Debug;
		};
		78049581248289040013D241 /* Release */ = {
			isa = XCBuildConfiguration;
			buildSettings = {
				ALWAYS_SEARCH_USER_PATHS = NO;
				CLANG_ANALYZER_NONNULL = YES;
				CLANG_ANALYZER_NUMBER_OBJECT_CONVERSION = YES_AGGRESSIVE;
				CLANG_CXX_LANGUAGE_STANDARD = "gnu++14";
				CLANG_CXX_LIBRARY = "libc++";
				CLANG_ENABLE_MODULES = YES;
				CLANG_ENABLE_OBJC_ARC = YES;
				CLANG_ENABLE_OBJC_WEAK = YES;
				CLANG_WARN_BLOCK_CAPTURE_AUTORELEASING = YES;
				CLANG_WARN_BOOL_CONVERSION = YES;
				CLANG_WARN_COMMA = YES;
				CLANG_WARN_CONSTANT_CONVERSION = YES;
				CLANG_WARN_DEPRECATED_OBJC_IMPLEMENTATIONS = YES;
				CLANG_WARN_DIRECT_OBJC_ISA_USAGE = YES_ERROR;
				CLANG_WARN_DOCUMENTATION_COMMENTS = YES;
				CLANG_WARN_EMPTY_BODY = YES;
				CLANG_WARN_ENUM_CONVERSION = YES;
				CLANG_WARN_INFINITE_RECURSION = YES;
				CLANG_WARN_INT_CONVERSION = YES;
				CLANG_WARN_NON_LITERAL_NULL_CONVERSION = YES;
				CLANG_WARN_OBJC_IMPLICIT_RETAIN_SELF = YES;
				CLANG_WARN_OBJC_LITERAL_CONVERSION = YES;
				CLANG_WARN_OBJC_ROOT_CLASS = YES_ERROR;
				CLANG_WARN_RANGE_LOOP_ANALYSIS = YES;
				CLANG_WARN_STRICT_PROTOTYPES = YES;
				CLANG_WARN_SUSPICIOUS_MOVE = YES;
				CLANG_WARN_UNGUARDED_AVAILABILITY = YES_AGGRESSIVE;
				CLANG_WARN_UNREACHABLE_CODE = YES;
				CLANG_WARN__DUPLICATE_METHOD_MATCH = YES;
				COPY_PHASE_STRIP = NO;
				DEBUG_INFORMATION_FORMAT = "dwarf-with-dsym";
				ENABLE_NS_ASSERTIONS = NO;
				ENABLE_STRICT_OBJC_MSGSEND = YES;
				GCC_C_LANGUAGE_STANDARD = gnu11;
				GCC_NO_COMMON_BLOCKS = YES;
				GCC_WARN_64_TO_32_BIT_CONVERSION = YES;
				GCC_WARN_ABOUT_RETURN_TYPE = YES_ERROR;
				GCC_WARN_UNDECLARED_SELECTOR = YES;
				GCC_WARN_UNINITIALIZED_AUTOS = YES_AGGRESSIVE;
				GCC_WARN_UNUSED_FUNCTION = YES;
				GCC_WARN_UNUSED_VARIABLE = YES;
				IPHONEOS_DEPLOYMENT_TARGET = 13.5;
				MTL_ENABLE_DEBUG_INFO = NO;
				MTL_FAST_MATH = YES;
				SDKROOT = iphoneos;
				SWIFT_COMPILATION_MODE = wholemodule;
				SWIFT_OPTIMIZATION_LEVEL = "-O";
				VALIDATE_PRODUCT = YES;
			};
			name = Release;
		};
		78049583248289040013D241 /* Debug */ = {
			isa = XCBuildConfiguration;
			buildSettings = {
				ASSETCATALOG_COMPILER_APPICON_NAME = AppIcon;
				CODE_SIGN_STYLE = Automatic;
				INFOPLIST_FILE = MatchApp/Info.plist;
				LD_RUNPATH_SEARCH_PATHS = (
					"$(inherited)",
					"@executable_path/Frameworks",
				);
				PRODUCT_BUNDLE_IDENTIFIER = com.niksm7.MatchApp;
				PRODUCT_NAME = "$(TARGET_NAME)";
				SWIFT_VERSION = 5.0;
				TARGETED_DEVICE_FAMILY = "1,2";
			};
			name = Debug;
		};
		78049584248289040013D241 /* Release */ = {
			isa = XCBuildConfiguration;
			buildSettings = {
				ASSETCATALOG_COMPILER_APPICON_NAME = AppIcon;
				CODE_SIGN_STYLE = Automatic;
				INFOPLIST_FILE = MatchApp/Info.plist;
				LD_RUNPATH_SEARCH_PATHS = (
					"$(inherited)",
					"@executable_path/Frameworks",
				);
				PRODUCT_BUNDLE_IDENTIFIER = com.niksm7.MatchApp;
				PRODUCT_NAME = "$(TARGET_NAME)";
				SWIFT_VERSION = 5.0;
				TARGETED_DEVICE_FAMILY = "1,2";
			};
			name = Release;
		};
/* End XCBuildConfiguration section */

/* Begin XCConfigurationList section */
		78049569248289030013D241 /* Build configuration list for PBXProject "MatchApp" */ = {
			isa = XCConfigurationList;
			buildConfigurations = (
				78049580248289040013D241 /* Debug */,
				78049581248289040013D241 /* Release */,
			);
			defaultConfigurationIsVisible = 0;
			defaultConfigurationName = Release;
		};
		78049582248289040013D241 /* Build configuration list for PBXNativeTarget "MatchApp" */ = {
			isa = XCConfigurationList;
			buildConfigurations = (
				78049583248289040013D241 /* Debug */,
				78049584248289040013D241 /* Release */,
			);
			defaultConfigurationIsVisible = 0;
			defaultConfigurationName = Release;
		};
/* End XCConfigurationList section */
	};
	rootObject = 78049566248289030013D241 /* Project object */;
}
